
Microsoft Visual Studio Solution File, Format Version 12.00
# Visual Studio Version 17
VisualStudioVersion = 17.5.33414.496
MinimumVisualStudioVersion = 10.0.40219.1
Project("{FAE04EC0-301F-11D3-BF4B-00C04F79EFBC}") = "Task0130", "Task0130\Task0130.csproj", "{9806501B-C8CF-4173-AC26-6E2AE29593A8}"
EndProject
Project("{FAE04EC0-301F-11D3-BF4B-00C04F79EFBC}") = "IndexerTask", "IndexerTask\IndexerTask.csproj", "{A99070D8-81AB-4685-B18E-59E795D5B5B2}"
EndProject
Global
	GlobalSection(SolutionConfigurationPlatforms) = preSolution
		Debug|Any CPU = Debug|Any CPU
		Release|Any CPU = Release|Any CPU
	EndGlobalSection
	GlobalSection(ProjectConfigurationPlatforms) = postSolution
		{9806501B-C8CF-4173-AC26-6E2AE29593A8}.Debug|Any CPU.ActiveCfg = Debug|Any CPU
		{9806501B-C8CF-4173-AC26-6E2AE29593A8}.Debug|Any CPU.Build.0 = Debug|Any CPU
		{9806501B-C8CF-4173-AC26-6E2AE29593A8}.Release|Any CPU.ActiveCfg = Release|Any CPU
		{9806501B-C8CF-4173-AC26-6E2AE29593A8}.Release|Any CPU.Build.0 = Release|Any CPU
		{A99070D8-81AB-4685-B18E-59E795D5B5B2}.Debug|Any CPU.ActiveCfg = Debug|Any CPU
		{A99070D8-81AB-4685-B18E-59E795D5B5B2}.Debug|Any CPU.Build.0 = Debug|Any CPU
		{A99070D8-81AB-4685-B18E-59E795D5B5B2}.Release|Any CPU.ActiveCfg = Release|Any CPU
		{A99070D8-81AB-4685-B18E-59E795D5B5B2}.Release|Any CPU.Build.0 = Release|Any CPU
	EndGlobalSection
	GlobalSection(SolutionProperties) = preSolution
		HideSolutionNode = FALSE
	EndGlobalSection
	GlobalSection(ExtensibilityGlobals) = postSolution
		SolutionGuid = {FEF19864-7725-4998-842B-0E387BCCABF4}
	EndGlobalSection
EndGlobal
